// !$*UTF8*$!
{
	archiveVersion = 1;
	classes = {
	};
	objectVersion = 46;
	objects = {

/* Begin PBXBuildFile section */
		2951B32C1DB6876700FDF888 /* AppDelegate.swift in Sources */ = {isa = PBXBuildFile; fileRef = 2951B32B1DB6876700FDF888 /* AppDelegate.swift */; };
		2951B32E1DB6876700FDF888 /* ViewController.swift in Sources */ = {isa = PBXBuildFile; fileRef = 2951B32D1DB6876700FDF888 /* ViewController.swift */; };
		2951B3311DB6876700FDF888 /* Main.storyboard in Resources */ = {isa = PBXBuildFile; fileRef = 2951B32F1DB6876700FDF888 /* Main.storyboard */; };
		2951B3331DB6876700FDF888 /* Assets.xcassets in Resources */ = {isa = PBXBuildFile; fileRef = 2951B3321DB6876700FDF888 /* Assets.xcassets */; };
		2951B3361DB6876700FDF888 /* LaunchScreen.storyboard in Resources */ = {isa = PBXBuildFile; fileRef = 2951B3341DB6876700FDF888 /* LaunchScreen.storyboard */; };
		2951B3441DB689DA00FDF888 /* KeyboardViewController.swift in Sources */ = {isa = PBXBuildFile; fileRef = 2951B3431DB689DA00FDF888 /* KeyboardViewController.swift */; };
		2951B3481DB689DA00FDF888 /* Keyboard.appex in Embed App Extensions */ = {isa = PBXBuildFile; fileRef = 2951B3411DB689DA00FDF888 /* Keyboard.appex */; settings = {ATTRIBUTES = (RemoveHeadersOnCopy, ); }; };
		296440211DE21D240006464D /* KeyboardViewController.swift in Sources */ = {isa = PBXBuildFile; fileRef = 296440201DE21D240006464D /* KeyboardViewController.swift */; };
		296440251DE21D240006464D /* OmegaKeyboard.appex in Embed App Extensions */ = {isa = PBXBuildFile; fileRef = 2964401E1DE21D240006464D /* OmegaKeyboard.appex */; settings = {ATTRIBUTES = (RemoveHeadersOnCopy, ); }; };
		29BB3C1E1DC0F78E00A888A0 /* KeyboardViewController.swift in Sources */ = {isa = PBXBuildFile; fileRef = 29BB3C1D1DC0F78E00A888A0 /* KeyboardViewController.swift */; };
		29BB3C221DC0F78E00A888A0 /* BetaKeyboard.appex in Embed App Extensions */ = {isa = PBXBuildFile; fileRef = 29BB3C1B1DC0F78E00A888A0 /* BetaKeyboard.appex */; settings = {ATTRIBUTES = (RemoveHeadersOnCopy, ); }; };
/* End PBXBuildFile section */

/* Begin PBXContainerItemProxy section */
		2951B3461DB689DA00FDF888 /* PBXContainerItemProxy */ = {
			isa = PBXContainerItemProxy;
			containerPortal = 2951B3201DB6876700FDF888 /* Project object */;
			proxyType = 1;
			remoteGlobalIDString = 2951B3401DB689DA00FDF888;
			remoteInfo = Keyboard;
		};
		296440231DE21D240006464D /* PBXContainerItemProxy */ = {
			isa = PBXContainerItemProxy;
			containerPortal = 2951B3201DB6876700FDF888 /* Project object */;
			proxyType = 1;
			remoteGlobalIDString = 2964401D1DE21D240006464D;
			remoteInfo = OmegaKeyboard;
		};
		29BB3C201DC0F78E00A888A0 /* PBXContainerItemProxy */ = {
			isa = PBXContainerItemProxy;
			containerPortal = 2951B3201DB6876700FDF888 /* Project object */;
			proxyType = 1;
			remoteGlobalIDString = 29BB3C1A1DC0F78E00A888A0;
			remoteInfo = BetaKeyboard;
		};
/* End PBXContainerItemProxy section */

/* Begin PBXCopyFilesBuildPhase section */
		2951B34C1DB689DA00FDF888 /* Embed App Extensions */ = {
			isa = PBXCopyFilesBuildPhase;
			buildActionMask = 2147483647;
			dstPath = "";
			dstSubfolderSpec = 13;
			files = (
				2951B3481DB689DA00FDF888 /* Keyboard.appex in Embed App Extensions */,
				296440251DE21D240006464D /* OmegaKeyboard.appex in Embed App Extensions */,
				29BB3C221DC0F78E00A888A0 /* BetaKeyboard.appex in Embed App Extensions */,
			);
			name = "Embed App Extensions";
			runOnlyForDeploymentPostprocessing = 0;
		};
/* End PBXCopyFilesBuildPhase section */

/* Begin PBXFileReference section */
		2951B3281DB6876700FDF888 /* GyroscopicKeyboard.app */ = {isa = PBXFileReference; explicitFileType = wrapper.application; includeInIndex = 0; path = GyroscopicKeyboard.app; sourceTree = BUILT_PRODUCTS_DIR; };
		2951B32B1DB6876700FDF888 /* AppDelegate.swift */ = {isa = PBXFileReference; lastKnownFileType = sourcecode.swift; path = AppDelegate.swift; sourceTree = "<group>"; };
		2951B32D1DB6876700FDF888 /* ViewController.swift */ = {isa = PBXFileReference; lastKnownFileType = sourcecode.swift; path = ViewController.swift; sourceTree = "<group>"; };
		2951B3301DB6876700FDF888 /* Base */ = {isa = PBXFileReference; lastKnownFileType = file.storyboard; name = Base; path = Base.lproj/Main.storyboard; sourceTree = "<group>"; };
		2951B3321DB6876700FDF888 /* Assets.xcassets */ = {isa = PBXFileReference; lastKnownFileType = folder.assetcatalog; path = Assets.xcassets; sourceTree = "<group>"; };
		2951B3351DB6876700FDF888 /* Base */ = {isa = PBXFileReference; lastKnownFileType = file.storyboard; name = Base; path = Base.lproj/LaunchScreen.storyboard; sourceTree = "<group>"; };
		2951B3371DB6876700FDF888 /* Info.plist */ = {isa = PBXFileReference; lastKnownFileType = text.plist.xml; path = Info.plist; sourceTree = "<group>"; };
		2951B3411DB689DA00FDF888 /* Keyboard.appex */ = {isa = PBXFileReference; explicitFileType = "wrapper.app-extension"; includeInIndex = 0; path = Keyboard.appex; sourceTree = BUILT_PRODUCTS_DIR; };
		2951B3431DB689DA00FDF888 /* KeyboardViewController.swift */ = {isa = PBXFileReference; lastKnownFileType = sourcecode.swift; path = KeyboardViewController.swift; sourceTree = "<group>"; };
		2951B3451DB689DA00FDF888 /* Info.plist */ = {isa = PBXFileReference; lastKnownFileType = text.plist.xml; path = Info.plist; sourceTree = "<group>"; };
		2964401E1DE21D240006464D /* OmegaKeyboard.appex */ = {isa = PBXFileReference; explicitFileType = "wrapper.app-extension"; includeInIndex = 0; path = OmegaKeyboard.appex; sourceTree = BUILT_PRODUCTS_DIR; };
		296440201DE21D240006464D /* KeyboardViewController.swift */ = {isa = PBXFileReference; lastKnownFileType = sourcecode.swift; path = KeyboardViewController.swift; sourceTree = "<group>"; };
		296440221DE21D240006464D /* Info.plist */ = {isa = PBXFileReference; lastKnownFileType = text.plist.xml; path = Info.plist; sourceTree = "<group>"; };
		29BB3C1B1DC0F78E00A888A0 /* BetaKeyboard.appex */ = {isa = PBXFileReference; explicitFileType = "wrapper.app-extension"; includeInIndex = 0; path = BetaKeyboard.appex; sourceTree = BUILT_PRODUCTS_DIR; };
		29BB3C1D1DC0F78E00A888A0 /* KeyboardViewController.swift */ = {isa = PBXFileReference; lastKnownFileType = sourcecode.swift; path = KeyboardViewController.swift; sourceTree = "<group>"; };
		29BB3C1F1DC0F78E00A888A0 /* Info.plist */ = {isa = PBXFileReference; lastKnownFileType = text.plist.xml; path = Info.plist; sourceTree = "<group>"; };
/* End PBXFileReference section */

/* Begin PBXFrameworksBuildPhase section */
		2951B3251DB6876700FDF888 /* Frameworks */ = {
			isa = PBXFrameworksBuildPhase;
			buildActionMask = 2147483647;
			files = (
			);
			runOnlyForDeploymentPostprocessing = 0;
		};
		2951B33E1DB689DA00FDF888 /* Frameworks */ = {
			isa = PBXFrameworksBuildPhase;
			buildActionMask = 2147483647;
			files = (
			);
			runOnlyForDeploymentPostprocessing = 0;
		};
		2964401B1DE21D240006464D /* Frameworks */ = {
			isa = PBXFrameworksBuildPhase;
			buildActionMask = 2147483647;
			files = (
			);
			runOnlyForDeploymentPostprocessing = 0;
		};
		29BB3C181DC0F78E00A888A0 /* Frameworks */ = {
			isa = PBXFrameworksBuildPhase;
			buildActionMask = 2147483647;
			files = (
			);
			runOnlyForDeploymentPostprocessing = 0;
		};
/* End PBXFrameworksBuildPhase section */

/* Begin PBXGroup section */
		2951B31F1DB6876700FDF888 = {
			isa = PBXGroup;
			children = (
				2951B32A1DB6876700FDF888 /* GyroscopicKeyboard */,
				2951B3421DB689DA00FDF888 /* Keyboard */,
				29BB3C1C1DC0F78E00A888A0 /* BetaKeyboard */,
				2964401F1DE21D240006464D /* OmegaKeyboard */,
				2951B3291DB6876700FDF888 /* Products */,
			);
			sourceTree = "<group>";
		};
		2951B3291DB6876700FDF888 /* Products */ = {
			isa = PBXGroup;
			children = (
				2951B3281DB6876700FDF888 /* GyroscopicKeyboard.app */,
				2951B3411DB689DA00FDF888 /* Keyboard.appex */,
				29BB3C1B1DC0F78E00A888A0 /* BetaKeyboard.appex */,
				2964401E1DE21D240006464D /* OmegaKeyboard.appex */,
			);
			name = Products;
			sourceTree = "<group>";
		};
		2951B32A1DB6876700FDF888 /* GyroscopicKeyboard */ = {
			isa = PBXGroup;
			children = (
				2951B32B1DB6876700FDF888 /* AppDelegate.swift */,
				2951B32D1DB6876700FDF888 /* ViewController.swift */,
				2951B32F1DB6876700FDF888 /* Main.storyboard */,
				2951B3321DB6876700FDF888 /* Assets.xcassets */,
				2951B3341DB6876700FDF888 /* LaunchScreen.storyboard */,
				2951B3371DB6876700FDF888 /* Info.plist */,
			);
			path = GyroscopicKeyboard;
			sourceTree = "<group>";
		};
		2951B3421DB689DA00FDF888 /* Keyboard */ = {
			isa = PBXGroup;
			children = (
				2951B3431DB689DA00FDF888 /* KeyboardViewController.swift */,
				2951B3451DB689DA00FDF888 /* Info.plist */,
			);
			path = Keyboard;
			sourceTree = "<group>";
		};
		2964401F1DE21D240006464D /* OmegaKeyboard */ = {
			isa = PBXGroup;
			children = (
				296440201DE21D240006464D /* KeyboardViewController.swift */,
				296440221DE21D240006464D /* Info.plist */,
			);
			path = OmegaKeyboard;
			sourceTree = "<group>";
		};
		29BB3C1C1DC0F78E00A888A0 /* BetaKeyboard */ = {
			isa = PBXGroup;
			children = (
				29BB3C1D1DC0F78E00A888A0 /* KeyboardViewController.swift */,
				29BB3C1F1DC0F78E00A888A0 /* Info.plist */,
			);
			path = BetaKeyboard;
			sourceTree = "<group>";
		};
/* End PBXGroup section */

/* Begin PBXNativeTarget section */
		2951B3271DB6876700FDF888 /* GyroscopicKeyboard */ = {
			isa = PBXNativeTarget;
			buildConfigurationList = 2951B33A1DB6876700FDF888 /* Build configuration list for PBXNativeTarget "GyroscopicKeyboard" */;
			buildPhases = (
				2951B3241DB6876700FDF888 /* Sources */,
				2951B3251DB6876700FDF888 /* Frameworks */,
				2951B3261DB6876700FDF888 /* Resources */,
				2951B34C1DB689DA00FDF888 /* Embed App Extensions */,
			);
			buildRules = (
			);
			dependencies = (
				2951B3471DB689DA00FDF888 /* PBXTargetDependency */,
				29BB3C211DC0F78E00A888A0 /* PBXTargetDependency */,
				296440241DE21D240006464D /* PBXTargetDependency */,
			);
			name = GyroscopicKeyboard;
			productName = GyroscopicKeyboard;
			productReference = 2951B3281DB6876700FDF888 /* GyroscopicKeyboard.app */;
			productType = "com.apple.product-type.application";
		};
		2951B3401DB689DA00FDF888 /* Keyboard */ = {
			isa = PBXNativeTarget;
			buildConfigurationList = 2951B3491DB689DA00FDF888 /* Build configuration list for PBXNativeTarget "Keyboard" */;
			buildPhases = (
				2951B33D1DB689DA00FDF888 /* Sources */,
				2951B33E1DB689DA00FDF888 /* Frameworks */,
				2951B33F1DB689DA00FDF888 /* Resources */,
			);
			buildRules = (
			);
			dependencies = (
			);
			name = Keyboard;
			productName = Keyboard;
			productReference = 2951B3411DB689DA00FDF888 /* Keyboard.appex */;
			productType = "com.apple.product-type.app-extension";
		};
		2964401D1DE21D240006464D /* OmegaKeyboard */ = {
			isa = PBXNativeTarget;
			buildConfigurationList = 296440281DE21D240006464D /* Build configuration list for PBXNativeTarget "OmegaKeyboard" */;
			buildPhases = (
				2964401A1DE21D240006464D /* Sources */,
				2964401B1DE21D240006464D /* Frameworks */,
				2964401C1DE21D240006464D /* Resources */,
			);
			buildRules = (
			);
			dependencies = (
			);
			name = OmegaKeyboard;
			productName = OmegaKeyboard;
			productReference = 2964401E1DE21D240006464D /* OmegaKeyboard.appex */;
			productType = "com.apple.product-type.app-extension";
		};
		29BB3C1A1DC0F78E00A888A0 /* BetaKeyboard */ = {
			isa = PBXNativeTarget;
			buildConfigurationList = 29BB3C251DC0F78E00A888A0 /* Build configuration list for PBXNativeTarget "BetaKeyboard" */;
			buildPhases = (
				29BB3C171DC0F78E00A888A0 /* Sources */,
				29BB3C181DC0F78E00A888A0 /* Frameworks */,
				29BB3C191DC0F78E00A888A0 /* Resources */,
			);
			buildRules = (
			);
			dependencies = (
			);
			name = BetaKeyboard;
			productName = BetaKeyboard;
			productReference = 29BB3C1B1DC0F78E00A888A0 /* BetaKeyboard.appex */;
			productType = "com.apple.product-type.app-extension";
		};
/* End PBXNativeTarget section */

/* Begin PBXProject section */
		2951B3201DB6876700FDF888 /* Project object */ = {
			isa = PBXProject;
			attributes = {
				LastSwiftUpdateCheck = 0810;
				LastUpgradeCheck = 0810;
				TargetAttributes = {
					2951B3271DB6876700FDF888 = {
						CreatedOnToolsVersion = 8.0;
						DevelopmentTeam = 6GK25Y9V3D;
						ProvisioningStyle = Automatic;
					};
					2951B3401DB689DA00FDF888 = {
						CreatedOnToolsVersion = 8.0;
						DevelopmentTeam = 6GK25Y9V3D;
						ProvisioningStyle = Automatic;
					};
					2964401D1DE21D240006464D = {
						CreatedOnToolsVersion = 8.1;
						DevelopmentTeam = 6GK25Y9V3D;
						ProvisioningStyle = Automatic;
					};
					29BB3C1A1DC0F78E00A888A0 = {
						CreatedOnToolsVersion = 8.0;
						DevelopmentTeam = 6GK25Y9V3D;
						ProvisioningStyle = Automatic;
					};
				};
			};
			buildConfigurationList = 2951B3231DB6876700FDF888 /* Build configuration list for PBXProject "GyroscopicKeyboard" */;
			compatibilityVersion = "Xcode 3.2";
			developmentRegion = English;
			hasScannedForEncodings = 0;
			knownRegions = (
				en,
				Base,
			);
			mainGroup = 2951B31F1DB6876700FDF888;
			productRefGroup = 2951B3291DB6876700FDF888 /* Products */;
			projectDirPath = "";
			projectRoot = "";
			targets = (
				2951B3271DB6876700FDF888 /* GyroscopicKeyboard */,
				2951B3401DB689DA00FDF888 /* Keyboard */,
				29BB3C1A1DC0F78E00A888A0 /* BetaKeyboard */,
				2964401D1DE21D240006464D /* OmegaKeyboard */,
			);
		};
/* End PBXProject section */

/* Begin PBXResourcesBuildPhase section */
		2951B3261DB6876700FDF888 /* Resources */ = {
			isa = PBXResourcesBuildPhase;
			buildActionMask = 2147483647;
			files = (
				2951B3361DB6876700FDF888 /* LaunchScreen.storyboard in Resources */,
				2951B3331DB6876700FDF888 /* Assets.xcassets in Resources */,
				2951B3311DB6876700FDF888 /* Main.storyboard in Resources */,
			);
			runOnlyForDeploymentPostprocessing = 0;
		};
		2951B33F1DB689DA00FDF888 /* Resources */ = {
			isa = PBXResourcesBuildPhase;
			buildActionMask = 2147483647;
			files = (
			);
			runOnlyForDeploymentPostprocessing = 0;
		};
		2964401C1DE21D240006464D /* Resources */ = {
			isa = PBXResourcesBuildPhase;
			buildActionMask = 2147483647;
			files = (
			);
			runOnlyForDeploymentPostprocessing = 0;
		};
		29BB3C191DC0F78E00A888A0 /* Resources */ = {
			isa = PBXResourcesBuildPhase;
			buildActionMask = 2147483647;
			files = (
			);
			runOnlyForDeploymentPostprocessing = 0;
		};
/* End PBXResourcesBuildPhase section */

/* Begin PBXSourcesBuildPhase section */
		2951B3241DB6876700FDF888 /* Sources */ = {
			isa = PBXSourcesBuildPhase;
			buildActionMask = 2147483647;
			files = (
				2951B32E1DB6876700FDF888 /* ViewController.swift in Sources */,
				2951B32C1DB6876700FDF888 /* AppDelegate.swift in Sources */,
			);
			runOnlyForDeploymentPostprocessing = 0;
		};
		2951B33D1DB689DA00FDF888 /* Sources */ = {
			isa = PBXSourcesBuildPhase;
			buildActionMask = 2147483647;
			files = (
				2951B3441DB689DA00FDF888 /* KeyboardViewController.swift in Sources */,
			);
			runOnlyForDeploymentPostprocessing = 0;
		};
		2964401A1DE21D240006464D /* Sources */ = {
			isa = PBXSourcesBuildPhase;
			buildActionMask = 2147483647;
			files = (
				296440211DE21D240006464D /* KeyboardViewController.swift in Sources */,
			);
			runOnlyForDeploymentPostprocessing = 0;
		};
		29BB3C171DC0F78E00A888A0 /* Sources */ = {
			isa = PBXSourcesBuildPhase;
			buildActionMask = 2147483647;
			files = (
				29BB3C1E1DC0F78E00A888A0 /* KeyboardViewController.swift in Sources */,
			);
			runOnlyForDeploymentPostprocessing = 0;
		};
/* End PBXSourcesBuildPhase section */

/* Begin PBXTargetDependency section */
		2951B3471DB689DA00FDF888 /* PBXTargetDependency */ = {
			isa = PBXTargetDependency;
			target = 2951B3401DB689DA00FDF888 /* Keyboard */;
			targetProxy = 2951B3461DB689DA00FDF888 /* PBXContainerItemProxy */;
		};
		296440241DE21D240006464D /* PBXTargetDependency */ = {
			isa = PBXTargetDependency;
			target = 2964401D1DE21D240006464D /* OmegaKeyboard */;
			targetProxy = 296440231DE21D240006464D /* PBXContainerItemProxy */;
		};
		29BB3C211DC0F78E00A888A0 /* PBXTargetDependency */ = {
			isa = PBXTargetDependency;
			target = 29BB3C1A1DC0F78E00A888A0 /* BetaKeyboard */;
			targetProxy = 29BB3C201DC0F78E00A888A0 /* PBXContainerItemProxy */;
		};
/* End PBXTargetDependency section */

/* Begin PBXVariantGroup section */
		2951B32F1DB6876700FDF888 /* Main.storyboard */ = {
			isa = PBXVariantGroup;
			children = (
				2951B3301DB6876700FDF888 /* Base */,
			);
			name = Main.storyboard;
			sourceTree = "<group>";
		};
		2951B3341DB6876700FDF888 /* LaunchScreen.storyboard */ = {
			isa = PBXVariantGroup;
			children = (
				2951B3351DB6876700FDF888 /* Base */,
			);
			name = LaunchScreen.storyboard;
			sourceTree = "<group>";
		};
/* End PBXVariantGroup section */

/* Begin XCBuildConfiguration section */
		2951B3381DB6876700FDF888 /* Debug */ = {
			isa = XCBuildConfiguration;
			buildSettings = {
				ALWAYS_SEARCH_USER_PATHS = NO;
				CLANG_ANALYZER_NONNULL = YES;
				CLANG_CXX_LANGUAGE_STANDARD = "gnu++0x";
				CLANG_CXX_LIBRARY = "libc++";
				CLANG_ENABLE_MODULES = YES;
				CLANG_ENABLE_OBJC_ARC = YES;
				CLANG_WARN_BOOL_CONVERSION = YES;
				CLANG_WARN_CONSTANT_CONVERSION = YES;
				CLANG_WARN_DIRECT_OBJC_ISA_USAGE = YES_ERROR;
				CLANG_WARN_DOCUMENTATION_COMMENTS = YES;
				CLANG_WARN_EMPTY_BODY = YES;
				CLANG_WARN_ENUM_CONVERSION = YES;
				CLANG_WARN_INFINITE_RECURSION = YES;
				CLANG_WARN_INT_CONVERSION = YES;
				CLANG_WARN_OBJC_ROOT_CLASS = YES_ERROR;
				CLANG_WARN_SUSPICIOUS_MOVE = YES;
				CLANG_WARN_SUSPICIOUS_MOVES = YES;
				CLANG_WARN_UNREACHABLE_CODE = YES;
				CLANG_WARN__DUPLICATE_METHOD_MATCH = YES;
				"CODE_SIGN_IDENTITY[sdk=iphoneos*]" = "iPhone Developer";
				COPY_PHASE_STRIP = NO;
				DEBUG_INFORMATION_FORMAT = dwarf;
				ENABLE_STRICT_OBJC_MSGSEND = YES;
				ENABLE_TESTABILITY = YES;
				GCC_C_LANGUAGE_STANDARD = gnu99;
				GCC_DYNAMIC_NO_PIC = NO;
				GCC_NO_COMMON_BLOCKS = YES;
				GCC_OPTIMIZATION_LEVEL = 0;
				GCC_PREPROCESSOR_DEFINITIONS = (
					"DEBUG=1",
					"$(inherited)",
				);
				GCC_WARN_64_TO_32_BIT_CONVERSION = YES;
				GCC_WARN_ABOUT_RETURN_TYPE = YES_ERROR;
				GCC_WARN_UNDECLARED_SELECTOR = YES;
				GCC_WARN_UNINITIALIZED_AUTOS = YES_AGGRESSIVE;
				GCC_WARN_UNUSED_FUNCTION = YES;
				GCC_WARN_UNUSED_VARIABLE = YES;
				IPHONEOS_DEPLOYMENT_TARGET = 10.0;
				MTL_ENABLE_DEBUG_INFO = YES;
				ONLY_ACTIVE_ARCH = YES;
				SDKROOT = iphoneos;
				SWIFT_ACTIVE_COMPILATION_CONDITIONS = DEBUG;
				SWIFT_OPTIMIZATION_LEVEL = "-Onone";
				TARGETED_DEVICE_FAMILY = "1,2";
			};
			name = Debug;
		};
		2951B3391DB6876700FDF888 /* Release */ = {
			isa = XCBuildConfiguration;
			buildSettings = {
				ALWAYS_SEARCH_USER_PATHS = NO;
				CLANG_ANALYZER_NONNULL = YES;
				CLANG_CXX_LANGUAGE_STANDARD = "gnu++0x";
				CLANG_CXX_LIBRARY = "libc++";
				CLANG_ENABLE_MODULES = YES;
				CLANG_ENABLE_OBJC_ARC = YES;
				CLANG_WARN_BOOL_CONVERSION = YES;
				CLANG_WARN_CONSTANT_CONVERSION = YES;
				CLANG_WARN_DIRECT_OBJC_ISA_USAGE = YES_ERROR;
				CLANG_WARN_DOCUMENTATION_COMMENTS = YES;
				CLANG_WARN_EMPTY_BODY = YES;
				CLANG_WARN_ENUM_CONVERSION = YES;
				CLANG_WARN_INFINITE_RECURSION = YES;
				CLANG_WARN_INT_CONVERSION = YES;
				CLANG_WARN_OBJC_ROOT_CLASS = YES_ERROR;
				CLANG_WARN_SUSPICIOUS_MOVE = YES;
				CLANG_WARN_SUSPICIOUS_MOVES = YES;
				CLANG_WARN_UNREACHABLE_CODE = YES;
				CLANG_WARN__DUPLICATE_METHOD_MATCH = YES;
				"CODE_SIGN_IDENTITY[sdk=iphoneos*]" = "iPhone Developer";
				COPY_PHASE_STRIP = NO;
				DEBUG_INFORMATION_FORMAT = "dwarf-with-dsym";
				ENABLE_NS_ASSERTIONS = NO;
				ENABLE_STRICT_OBJC_MSGSEND = YES;
				GCC_C_LANGUAGE_STANDARD = gnu99;
				GCC_NO_COMMON_BLOCKS = YES;
				GCC_WARN_64_TO_32_BIT_CONVERSION = YES;
				GCC_WARN_ABOUT_RETURN_TYPE = YES_ERROR;
				GCC_WARN_UNDECLARED_SELECTOR = YES;
				GCC_WARN_UNINITIALIZED_AUTOS = YES_AGGRESSIVE;
				GCC_WARN_UNUSED_FUNCTION = YES;
				GCC_WARN_UNUSED_VARIABLE = YES;
				IPHONEOS_DEPLOYMENT_TARGET = 10.0;
				MTL_ENABLE_DEBUG_INFO = NO;
				SDKROOT = iphoneos;
				SWIFT_OPTIMIZATION_LEVEL = "-Owholemodule";
				TARGETED_DEVICE_FAMILY = "1,2";
				VALIDATE_PRODUCT = YES;
			};
			name = Release;
		};
		2951B33B1DB6876700FDF888 /* Debug */ = {
			isa = XCBuildConfiguration;
			buildSettings = {
				ALWAYS_EMBED_SWIFT_STANDARD_LIBRARIES = YES;
				ASSETCATALOG_COMPILER_APPICON_NAME = AppIcon;
				DEVELOPMENT_TEAM = 6GK25Y9V3D;
				INFOPLIST_FILE = GyroscopicKeyboard/Info.plist;
				LD_RUNPATH_SEARCH_PATHS = "$(inherited) @executable_path/Frameworks";
				PRODUCT_BUNDLE_IDENTIFIER = parkjoon.GyroscopicKeyboard;
				PRODUCT_NAME = "$(TARGET_NAME)";
				SWIFT_VERSION = 3.0;
			};
			name = Debug;
		};
		2951B33C1DB6876700FDF888 /* Release */ = {
			isa = XCBuildConfiguration;
			buildSettings = {
				ALWAYS_EMBED_SWIFT_STANDARD_LIBRARIES = YES;
				ASSETCATALOG_COMPILER_APPICON_NAME = AppIcon;
				DEVELOPMENT_TEAM = 6GK25Y9V3D;
				INFOPLIST_FILE = GyroscopicKeyboard/Info.plist;
				LD_RUNPATH_SEARCH_PATHS = "$(inherited) @executable_path/Frameworks";
				PRODUCT_BUNDLE_IDENTIFIER = parkjoon.GyroscopicKeyboard;
				PRODUCT_NAME = "$(TARGET_NAME)";
				SWIFT_VERSION = 3.0;
			};
			name = Release;
		};
		2951B34A1DB689DA00FDF888 /* Debug */ = {
			isa = XCBuildConfiguration;
			buildSettings = {
				DEVELOPMENT_TEAM = 6GK25Y9V3D;
				INFOPLIST_FILE = Keyboard/Info.plist;
				LD_RUNPATH_SEARCH_PATHS = "$(inherited) @executable_path/Frameworks @executable_path/../../Frameworks";
				PRODUCT_BUNDLE_IDENTIFIER = parkjoon.GyroscopicKeyboard.Keyboard;
				PRODUCT_NAME = "$(TARGET_NAME)";
				SKIP_INSTALL = YES;
				SWIFT_VERSION = 3.0;
			};
			name = Debug;
		};
		2951B34B1DB689DA00FDF888 /* Release */ = {
			isa = XCBuildConfiguration;
			buildSettings = {
				DEVELOPMENT_TEAM = 6GK25Y9V3D;
				INFOPLIST_FILE = Keyboard/Info.plist;
				LD_RUNPATH_SEARCH_PATHS = "$(inherited) @executable_path/Frameworks @executable_path/../../Frameworks";
				PRODUCT_BUNDLE_IDENTIFIER = parkjoon.GyroscopicKeyboard.Keyboard;
				PRODUCT_NAME = "$(TARGET_NAME)";
				SKIP_INSTALL = YES;
				SWIFT_VERSION = 3.0;
			};
			name = Release;
		};
		296440261DE21D240006464D /* Debug */ = {
			isa = XCBuildConfiguration;
			buildSettings = {
				DEVELOPMENT_TEAM = 6GK25Y9V3D;
				INFOPLIST_FILE = OmegaKeyboard/Info.plist;
				IPHONEOS_DEPLOYMENT_TARGET = 10.1;
				LD_RUNPATH_SEARCH_PATHS = "$(inherited) @executable_path/Frameworks @executable_path/../../Frameworks";
				PRODUCT_BUNDLE_IDENTIFIER = parkjoon.GyroscopicKeyboard.OmegaKeyboard;
				PRODUCT_NAME = "$(TARGET_NAME)";
				SKIP_INSTALL = YES;
				SWIFT_VERSION = 3.0;
			};
			name = Debug;
		};
		296440271DE21D240006464D /* Release */ = {
			isa = XCBuildConfiguration;
			buildSettings = {
				DEVELOPMENT_TEAM = 6GK25Y9V3D;
				INFOPLIST_FILE = OmegaKeyboard/Info.plist;
				IPHONEOS_DEPLOYMENT_TARGET = 10.1;
				LD_RUNPATH_SEARCH_PATHS = "$(inherited) @executable_path/Frameworks @executable_path/../../Frameworks";
				PRODUCT_BUNDLE_IDENTIFIER = parkjoon.GyroscopicKeyboard.OmegaKeyboard;
				PRODUCT_NAME = "$(TARGET_NAME)";
				SKIP_INSTALL = YES;
				SWIFT_VERSION = 3.0;
			};
			name = Release;
		};
		29BB3C231DC0F78E00A888A0 /* Debug */ = {
			isa = XCBuildConfiguration;
			buildSettings = {
				DEVELOPMENT_TEAM = 6GK25Y9V3D;
				INFOPLIST_FILE = BetaKeyboard/Info.plist;
				LD_RUNPATH_SEARCH_PATHS = "$(inherited) @executable_path/Frameworks @executable_path/../../Frameworks";
				PRODUCT_BUNDLE_IDENTIFIER = parkjoon.GyroscopicKeyboard.BetaKeyboard;
				PRODUCT_NAME = "$(TARGET_NAME)";
				SKIP_INSTALL = YES;
				SWIFT_VERSION = 3.0;
			};
			name = Debug;
		};
		29BB3C241DC0F78E00A888A0 /* Release */ = {
			isa = XCBuildConfiguration;
			buildSettings = {
				DEVELOPMENT_TEAM = 6GK25Y9V3D;
				INFOPLIST_FILE = BetaKeyboard/Info.plist;
				LD_RUNPATH_SEARCH_PATHS = "$(inherited) @executable_path/Frameworks @executable_path/../../Frameworks";
				PRODUCT_BUNDLE_IDENTIFIER = parkjoon.GyroscopicKeyboard.BetaKeyboard;
				PRODUCT_NAME = "$(TARGET_NAME)";
				SKIP_INSTALL = YES;
				SWIFT_VERSION = 3.0;
			};
			name = Release;
		};
/* End XCBuildConfiguration section */

/* Begin XCConfigurationList section */
		2951B3231DB6876700FDF888 /* Build configuration list for PBXProject "GyroscopicKeyboard" */ = {
			isa = XCConfigurationList;
			buildConfigurations = (
				2951B3381DB6876700FDF888 /* Debug */,
				2951B3391DB6876700FDF888 /* Release */,
			);
			defaultConfigurationIsVisible = 0;
			defaultConfigurationName = Release;
		};
		2951B33A1DB6876700FDF888 /* Build configuration list for PBXNativeTarget "GyroscopicKeyboard" */ = {
			isa = XCConfigurationList;
			buildConfigurations = (
				2951B33B1DB6876700FDF888 /* Debug */,
				2951B33C1DB6876700FDF888 /* Release */,
			);
			defaultConfigurationIsVisible = 0;
			defaultConfigurationName = Release;
		};
		2951B3491DB689DA00FDF888 /* Build configuration list for PBXNativeTarget "Keyboard" */ = {
			isa = XCConfigurationList;
			buildConfigurations = (
				2951B34A1DB689DA00FDF888 /* Debug */,
				2951B34B1DB689DA00FDF888 /* Release */,
			);
			defaultConfigurationIsVisible = 0;
			defaultConfigurationName = Release;
		};
		296440281DE21D240006464D /* Build configuration list for PBXNativeTarget "OmegaKeyboard" */ = {
			isa = XCConfigurationList;
			buildConfigurations = (
				296440261DE21D240006464D /* Debug */,
				296440271DE21D240006464D /* Release */,
			);
			defaultConfigurationIsVisible = 0;
		};
		29BB3C251DC0F78E00A888A0 /* Build configuration list for PBXNativeTarget "BetaKeyboard" */ = {
			isa = XCConfigurationList;
			buildConfigurations = (
				29BB3C231DC0F78E00A888A0 /* Debug */,
				29BB3C241DC0F78E00A888A0 /* Release */,
			);
			defaultConfigurationIsVisible = 0;
			defaultConfigurationName = Release;
		};
/* End XCConfigurationList section */
	};
	rootObject = 2951B3201DB6876700FDF888 /* Project object */;
}
